PODS:
  - R.swift (5.4.0):
    - R.swift.Library (~> 5.3.0)
  - R.swift.Library (5.3.0)
  - RBKmoneyPaymentsSDK (1.0.0):
    - R.swift.Library (~> 5.0)
    - RxCocoa (~> 6.0)
    - RxSwift (~> 6.0)
  - RxCocoa (6.2.0):
    - RxRelay (= 6.2.0)
    - RxSwift (= 6.2.0)
  - RxRelay (6.2.0):
    - RxSwift (= 6.2.0)
  - RxSwift (6.2.0)
  - SwiftLint (0.32.0)

DEPENDENCIES:
  - R.swift (~> 5.0)
  - R.swift.Library (~> 5.0)
  - RBKmoneyPaymentsSDK (from `./`)
  - RxCocoa (~> 6.0)
  - RxSwift (~> 6.0)
  - SwiftLint

SPEC REPOS:
  https://github.com/CocoaPods/Specs.git:
    - R.swift
    - R.swift.Library
    - RxCocoa
    - RxRelay
    - RxSwift
    - SwiftLint

EXTERNAL SOURCES:
  RBKmoneyPaymentsSDK:
    :path: "./"

SPEC CHECKSUMS:
  R.swift: c533450b0f7dc494e0993f5f1a1db925d84c3006
  R.swift.Library: 0fc583cb55a99e28901299cc451614cad1161962
  RBKmoneyPaymentsSDK: 0a6571bdbe12e061ca2d64e8a351c046f224810e
  RxCocoa: 4baf94bb35f2c0ab31bc0cb9f1900155f646ba42
  RxRelay: e72dbfd157807478401ef1982e1c61c945c94b2f
  RxSwift: d356ab7bee873611322f134c5f9ef379fa183d8f
  SwiftLint: 009a898ef2a1c851f45e1b59349bf6ff2ddc990d

PODFILE CHECKSUM: 8b369e687060fda39f1d575ce91332edd1101909

COCOAPODS: 1.11.2
